
Microsoft Visual Studio Solution File, Format Version 12.00
# Visual Studio Version 16
VisualStudioVersion = 16.0.32602.291
MinimumVisualStudioVersion = 10.0.40219.1
Project("{9A19103F-16F7-4668-BE54-9A1E7A4F7556}") = "KampIntro", "KampIntro\KampIntro.csproj", "{E451F240-4598-4A4B-B796-49E68D6A95EA}"
EndProject
Project("{9A19103F-16F7-4668-BE54-9A1E7A4F7556}") = "Loops", "Loops\Loops.csproj", "{51A41845-7E5E-4FAB-B7FC-9E1B4AF37C1E}"
EndProject
Project("{9A19103F-16F7-4668-BE54-9A1E7A4F7556}") = "ClassIntro", "ClassIntro\ClassIntro.csproj", "{DC835575-25AA-47CB-ADD3-80D2C5EA173F}"
EndProject
Project("{9A19103F-16F7-4668-BE54-9A1E7A4F7556}") = "Methods", "Methods\Methods.csproj", "{1BF07F49-3F6F-4FF7-A041-EF500D9AC29E}"
EndProject
Project("{9A19103F-16F7-4668-BE54-9A1E7A4F7556}") = "Math", "Math\Math.csproj", "{D54B2488-97F0-44DE-830E-D8A687E2D43F}"
EndProject
Project("{9A19103F-16F7-4668-BE54-9A1E7A4F7556}") = "ValueAndReferenceTypes", "ValueAndReferenceTypes\ValueAndReferenceTypes.csproj", "{716D7818-D0DA-48B2-986A-D95E71034B8D}"
EndProject
Project("{9A19103F-16F7-4668-BE54-9A1E7A4F7556}") = "RefAndOut", "RefAndOut\RefAndOut.csproj", "{049E7CE7-70C0-405D-98A0-21C92C946954}"
EndProject
Project("{9A19103F-16F7-4668-BE54-9A1E7A4F7556}") = "ClassMetotDemo", "ClassMetotDemo\ClassMetotDemo.csproj", "{D9E52B32-99CB-49AA-8429-4BB9F7BAFA6F}"
EndProject
Project("{9A19103F-16F7-4668-BE54-9A1E7A4F7556}") = "OOP1", "OOP1\OOP1.csproj", "{232CA5CA-D0F2-42F2-86F9-8610AA0CC958}"
EndProject
Project("{9A19103F-16F7-4668-BE54-9A1E7A4F7556}") = "Collections", "Collections\Collections.csproj", "{B901AF9D-8CCC-4001-856F-6CE1C38BF74B}"
EndProject
Project("{9A19103F-16F7-4668-BE54-9A1E7A4F7556}") = "GenericsIntro", "GenericsIntro\GenericsIntro.csproj", "{8357BBC6-9839-4E09-9726-3B2DDA04FA51}"
EndProject
Project("{9A19103F-16F7-4668-BE54-9A1E7A4F7556}") = "DictionarysIntro", "DictionarysIntro\DictionarysIntro.csproj", "{87E1F026-5156-42B4-A33F-94806E1F8A48}"
EndProject
Project("{9A19103F-16F7-4668-BE54-9A1E7A4F7556}") = "OOP2", "OOP2\OOP2.csproj", "{C6A098FB-1FA7-4A3F-92D4-B7A7423F77C9}"
EndProject
Project("{9A19103F-16F7-4668-BE54-9A1E7A4F7556}") = "OOP3", "OOP3\OOP3.csproj", "{39424910-5EEE-485F-9772-08D24BA2CC3A}"
EndProject
Project("{9A19103F-16F7-4668-BE54-9A1E7A4F7556}") = "RecapDemo1", "RecapDemo1\RecapDemo1.csproj", "{AE9E3EDD-7282-4696-8B2D-A228A7A97ABB}"
EndProject
Project("{9A19103F-16F7-4668-BE54-9A1E7A4F7556}") = "Interfaces", "Interfaces\Interfaces.csproj", "{9D701283-3F81-4F78-AFFA-DDFC5B070865}"
EndProject
Project("{9A19103F-16F7-4668-BE54-9A1E7A4F7556}") = "InterfacesDemo", "InterfacesDemo\InterfacesDemo.csproj", "{AE21B9BD-28FC-4068-AA3D-608DADB5C4FB}"
EndProject
Project("{9A19103F-16F7-4668-BE54-9A1E7A4F7556}") = "Inheritance", "Inheritance\Inheritance.csproj", "{47494EE2-A2C1-4E05-B642-2C27DE5A3DB7}"
EndProject
Project("{9A19103F-16F7-4668-BE54-9A1E7A4F7556}") = "Interfaces2", "Interfaces2\Interfaces2.csproj", "{3D619C45-AC43-45EF-B53C-0F8A8B1A329B}"
EndProject
Project("{9A19103F-16F7-4668-BE54-9A1E7A4F7556}") = "InterfaceAbstractDemo", "InterfaceAbstractDemo\InterfaceAbstractDemo.csproj", "{2A44E073-91B1-427A-B1A9-0BDE1CB1D614}"
EndProject
Project("{9A19103F-16F7-4668-BE54-9A1E7A4F7556}") = "GameApplication", "GameApplication\GameApplication.csproj", "{47A1BDCB-47DE-4DAE-B033-D7C9D9A4A763}"
EndProject
Project("{2150E333-8FDC-42A3-9474-1A3956D46DE8}") = "FirstSixDays", "FirstSixDays", "{3F43979A-C6C6-4698-A2F2-FE247D628429}"
EndProject
Project("{9A19103F-16F7-4668-BE54-9A1E7A4F7556}") = "GameProject", "GameProject\GameProject.csproj", "{136CBD4E-9540-4516-A5D8-9ABEBFED8699}"
EndProject
Project("{9A19103F-16F7-4668-BE54-9A1E7A4F7556}") = "LinqProject", "LinqProject\LinqProject.csproj", "{D804F87E-DAE7-4E26-A083-B30C3FCD2143}"
EndProject
Project("{FAE04EC0-301F-11D3-BF4B-00C04F79EFBC}") = "Attributes", "Attributes\Attributes.csproj", "{9904AA38-E900-4FB6-87CC-824F50C9632F}"
EndProject
Global
	GlobalSection(SolutionConfigurationPlatforms) = preSolution
		Debug|Any CPU = Debug|Any CPU
		Release|Any CPU = Release|Any CPU
	EndGlobalSection
	GlobalSection(ProjectConfigurationPlatforms) = postSolution
		{E451F240-4598-4A4B-B796-49E68D6A95EA}.Debug|Any CPU.ActiveCfg = Debug|Any CPU
		{E451F240-4598-4A4B-B796-49E68D6A95EA}.Debug|Any CPU.Build.0 = Debug|Any CPU
		{E451F240-4598-4A4B-B796-49E68D6A95EA}.Release|Any CPU.ActiveCfg = Release|Any CPU
		{E451F240-4598-4A4B-B796-49E68D6A95EA}.Release|Any CPU.Build.0 = Release|Any CPU
		{51A41845-7E5E-4FAB-B7FC-9E1B4AF37C1E}.Debug|Any CPU.ActiveCfg = Debug|Any CPU
		{51A41845-7E5E-4FAB-B7FC-9E1B4AF37C1E}.Debug|Any CPU.Build.0 = Debug|Any CPU
		{51A41845-7E5E-4FAB-B7FC-9E1B4AF37C1E}.Release|Any CPU.ActiveCfg = Release|Any CPU
		{51A41845-7E5E-4FAB-B7FC-9E1B4AF37C1E}.Release|Any CPU.Build.0 = Release|Any CPU
		{DC835575-25AA-47CB-ADD3-80D2C5EA173F}.Debug|Any CPU.ActiveCfg = Debug|Any CPU
		{DC835575-25AA-47CB-ADD3-80D2C5EA173F}.Debug|Any CPU.Build.0 = Debug|Any CPU
		{DC835575-25AA-47CB-ADD3-80D2C5EA173F}.Release|Any CPU.ActiveCfg = Release|Any CPU
		{DC835575-25AA-47CB-ADD3-80D2C5EA173F}.Release|Any CPU.Build.0 = Release|Any CPU
		{1BF07F49-3F6F-4FF7-A041-EF500D9AC29E}.Debug|Any CPU.ActiveCfg = Debug|Any CPU
		{1BF07F49-3F6F-4FF7-A041-EF500D9AC29E}.Debug|Any CPU.Build.0 = Debug|Any CPU
		{1BF07F49-3F6F-4FF7-A041-EF500D9AC29E}.Release|Any CPU.ActiveCfg = Release|Any CPU
		{1BF07F49-3F6F-4FF7-A041-EF500D9AC29E}.Release|Any CPU.Build.0 = Release|Any CPU
		{D54B2488-97F0-44DE-830E-D8A687E2D43F}.Debug|Any CPU.ActiveCfg = Debug|Any CPU
		{D54B2488-97F0-44DE-830E-D8A687E2D43F}.Debug|Any CPU.Build.0 = Debug|Any CPU
		{D54B2488-97F0-44DE-830E-D8A687E2D43F}.Release|Any CPU.ActiveCfg = Release|Any CPU
		{D54B2488-97F0-44DE-830E-D8A687E2D43F}.Release|Any CPU.Build.0 = Release|Any CPU
		{716D7818-D0DA-48B2-986A-D95E71034B8D}.Debug|Any CPU.ActiveCfg = Debug|Any CPU
		{716D7818-D0DA-48B2-986A-D95E71034B8D}.Debug|Any CPU.Build.0 = Debug|Any CPU
		{716D7818-D0DA-48B2-986A-D95E71034B8D}.Release|Any CPU.ActiveCfg = Release|Any CPU
		{716D7818-D0DA-48B2-986A-D95E71034B8D}.Release|Any CPU.Build.0 = Release|Any CPU
		{049E7CE7-70C0-405D-98A0-21C92C946954}.Debug|Any CPU.ActiveCfg = Debug|Any CPU
		{049E7CE7-70C0-405D-98A0-21C92C946954}.Debug|Any CPU.Build.0 = Debug|Any CPU
		{049E7CE7-70C0-405D-98A0-21C92C946954}.Release|Any CPU.ActiveCfg = Release|Any CPU
		{049E7CE7-70C0-405D-98A0-21C92C946954}.Release|Any CPU.Build.0 = Release|Any CPU
		{D9E52B32-99CB-49AA-8429-4BB9F7BAFA6F}.Debug|Any CPU.ActiveCfg = Debug|Any CPU
		{D9E52B32-99CB-49AA-8429-4BB9F7BAFA6F}.Debug|Any CPU.Build.0 = Debug|Any CPU
		{D9E52B32-99CB-49AA-8429-4BB9F7BAFA6F}.Release|Any CPU.ActiveCfg = Release|Any CPU
		{D9E52B32-99CB-49AA-8429-4BB9F7BAFA6F}.Release|Any CPU.Build.0 = Release|Any CPU
		{232CA5CA-D0F2-42F2-86F9-8610AA0CC958}.Debug|Any CPU.ActiveCfg = Debug|Any CPU
		{232CA5CA-D0F2-42F2-86F9-8610AA0CC958}.Debug|Any CPU.Build.0 = Debug|Any CPU
		{232CA5CA-D0F2-42F2-86F9-8610AA0CC958}.Release|Any CPU.ActiveCfg = Release|Any CPU
		{232CA5CA-D0F2-42F2-86F9-8610AA0CC958}.Release|Any CPU.Build.0 = Release|Any CPU
		{B901AF9D-8CCC-4001-856F-6CE1C38BF74B}.Debug|Any CPU.ActiveCfg = Debug|Any CPU
		{B901AF9D-8CCC-4001-856F-6CE1C38BF74B}.Debug|Any CPU.Build.0 = Debug|Any CPU
		{B901AF9D-8CCC-4001-856F-6CE1C38BF74B}.Release|Any CPU.ActiveCfg = Release|Any CPU
		{B901AF9D-8CCC-4001-856F-6CE1C38BF74B}.Release|Any CPU.Build.0 = Release|Any CPU
		{8357BBC6-9839-4E09-9726-3B2DDA04FA51}.Debug|Any CPU.ActiveCfg = Debug|Any CPU
		{8357BBC6-9839-4E09-9726-3B2DDA04FA51}.Debug|Any CPU.Build.0 = Debug|Any CPU
		{8357BBC6-9839-4E09-9726-3B2DDA04FA51}.Release|Any CPU.ActiveCfg = Release|Any CPU
		{8357BBC6-9839-4E09-9726-3B2DDA04FA51}.Release|Any CPU.Build.0 = Release|Any CPU
		{87E1F026-5156-42B4-A33F-94806E1F8A48}.Debug|Any CPU.ActiveCfg = Debug|Any CPU
		{87E1F026-5156-42B4-A33F-94806E1F8A48}.Debug|Any CPU.Build.0 = Debug|Any CPU
		{87E1F026-5156-42B4-A33F-94806E1F8A48}.Release|Any CPU.ActiveCfg = Release|Any CPU
		{87E1F026-5156-42B4-A33F-94806E1F8A48}.Release|Any CPU.Build.0 = Release|Any CPU
		{C6A098FB-1FA7-4A3F-92D4-B7A7423F77C9}.Debug|Any CPU.ActiveCfg = Debug|Any CPU
		{C6A098FB-1FA7-4A3F-92D4-B7A7423F77C9}.Debug|Any CPU.Build.0 = Debug|Any CPU
		{C6A098FB-1FA7-4A3F-92D4-B7A7423F77C9}.Release|Any CPU.ActiveCfg = Release|Any CPU
		{C6A098FB-1FA7-4A3F-92D4-B7A7423F77C9}.Release|Any CPU.Build.0 = Release|Any CPU
		{39424910-5EEE-485F-9772-08D24BA2CC3A}.Debug|Any CPU.ActiveCfg = Debug|Any CPU
		{39424910-5EEE-485F-9772-08D24BA2CC3A}.Debug|Any CPU.Build.0 = Debug|Any CPU
		{39424910-5EEE-485F-9772-08D24BA2CC3A}.Release|Any CPU.ActiveCfg = Release|Any CPU
		{39424910-5EEE-485F-9772-08D24BA2CC3A}.Release|Any CPU.Build.0 = Release|Any CPU
		{AE9E3EDD-7282-4696-8B2D-A228A7A97ABB}.Debug|Any CPU.ActiveCfg = Debug|Any CPU
		{AE9E3EDD-7282-4696-8B2D-A228A7A97ABB}.Debug|Any CPU.Build.0 = Debug|Any CPU
		{AE9E3EDD-7282-4696-8B2D-A228A7A97ABB}.Release|Any CPU.ActiveCfg = Release|Any CPU
		{AE9E3EDD-7282-4696-8B2D-A228A7A97ABB}.Release|Any CPU.Build.0 = Release|Any CPU
		{9D701283-3F81-4F78-AFFA-DDFC5B070865}.Debug|Any CPU.ActiveCfg = Debug|Any CPU
		{9D701283-3F81-4F78-AFFA-DDFC5B070865}.Debug|Any CPU.Build.0 = Debug|Any CPU
		{9D701283-3F81-4F78-AFFA-DDFC5B070865}.Release|Any CPU.ActiveCfg = Release|Any CPU
		{9D701283-3F81-4F78-AFFA-DDFC5B070865}.Release|Any CPU.Build.0 = Release|Any CPU
		{AE21B9BD-28FC-4068-AA3D-608DADB5C4FB}.Debug|Any CPU.ActiveCfg = Debug|Any CPU
		{AE21B9BD-28FC-4068-AA3D-608DADB5C4FB}.Debug|Any CPU.Build.0 = Debug|Any CPU
		{AE21B9BD-28FC-4068-AA3D-608DADB5C4FB}.Release|Any CPU.ActiveCfg = Release|Any CPU
		{AE21B9BD-28FC-4068-AA3D-608DADB5C4FB}.Release|Any CPU.Build.0 = Release|Any CPU
		{47494EE2-A2C1-4E05-B642-2C27DE5A3DB7}.Debug|Any CPU.ActiveCfg = Debug|Any CPU
		{47494EE2-A2C1-4E05-B642-2C27DE5A3DB7}.Debug|Any CPU.Build.0 = Debug|Any CPU
		{47494EE2-A2C1-4E05-B642-2C27DE5A3DB7}.Release|Any CPU.ActiveCfg = Release|Any CPU
		{47494EE2-A2C1-4E05-B642-2C27DE5A3DB7}.Release|Any CPU.Build.0 = Release|Any CPU
		{3D619C45-AC43-45EF-B53C-0F8A8B1A329B}.Debug|Any CPU.ActiveCfg = Debug|Any CPU
		{3D619C45-AC43-45EF-B53C-0F8A8B1A329B}.Debug|Any CPU.Build.0 = Debug|Any CPU
		{3D619C45-AC43-45EF-B53C-0F8A8B1A329B}.Release|Any CPU.ActiveCfg = Release|Any CPU
		{3D619C45-AC43-45EF-B53C-0F8A8B1A329B}.Release|Any CPU.Build.0 = Release|Any CPU
		{2A44E073-91B1-427A-B1A9-0BDE1CB1D614}.Debug|Any CPU.ActiveCfg = Debug|Any CPU
		{2A44E073-91B1-427A-B1A9-0BDE1CB1D614}.Debug|Any CPU.Build.0 = Debug|Any CPU
		{2A44E073-91B1-427A-B1A9-0BDE1CB1D614}.Release|Any CPU.ActiveCfg = Release|Any CPU
		{2A44E073-91B1-427A-B1A9-0BDE1CB1D614}.Release|Any CPU.Build.0 = Release|Any CPU
		{47A1BDCB-47DE-4DAE-B033-D7C9D9A4A763}.Debug|Any CPU.ActiveCfg = Debug|Any CPU
		{47A1BDCB-47DE-4DAE-B033-D7C9D9A4A763}.Debug|Any CPU.Build.0 = Debug|Any CPU
		{47A1BDCB-47DE-4DAE-B033-D7C9D9A4A763}.Release|Any CPU.ActiveCfg = Release|Any CPU
		{47A1BDCB-47DE-4DAE-B033-D7C9D9A4A763}.Release|Any CPU.Build.0 = Release|Any CPU
		{136CBD4E-9540-4516-A5D8-9ABEBFED8699}.Debug|Any CPU.ActiveCfg = Debug|Any CPU
		{136CBD4E-9540-4516-A5D8-9ABEBFED8699}.Debug|Any CPU.Build.0 = Debug|Any CPU
		{136CBD4E-9540-4516-A5D8-9ABEBFED8699}.Release|Any CPU.ActiveCfg = Release|Any CPU
		{136CBD4E-9540-4516-A5D8-9ABEBFED8699}.Release|Any CPU.Build.0 = Release|Any CPU
		{D804F87E-DAE7-4E26-A083-B30C3FCD2143}.Debug|Any CPU.ActiveCfg = Debug|Any CPU
		{D804F87E-DAE7-4E26-A083-B30C3FCD2143}.Debug|Any CPU.Build.0 = Debug|Any CPU
		{D804F87E-DAE7-4E26-A083-B30C3FCD2143}.Release|Any CPU.ActiveCfg = Release|Any CPU
		{D804F87E-DAE7-4E26-A083-B30C3FCD2143}.Release|Any CPU.Build.0 = Release|Any CPU
		{9904AA38-E900-4FB6-87CC-824F50C9632F}.Debug|Any CPU.ActiveCfg = Debug|Any CPU
		{9904AA38-E900-4FB6-87CC-824F50C9632F}.Debug|Any CPU.Build.0 = Debug|Any CPU
		{9904AA38-E900-4FB6-87CC-824F50C9632F}.Release|Any CPU.ActiveCfg = Release|Any CPU
		{9904AA38-E900-4FB6-87CC-824F50C9632F}.Release|Any CPU.Build.0 = Release|Any CPU
	EndGlobalSection
	GlobalSection(SolutionProperties) = preSolution
		HideSolutionNode = FALSE
	EndGlobalSection
	GlobalSection(NestedProjects) = preSolution
		{E451F240-4598-4A4B-B796-49E68D6A95EA} = {3F43979A-C6C6-4698-A2F2-FE247D628429}
		{51A41845-7E5E-4FAB-B7FC-9E1B4AF37C1E} = {3F43979A-C6C6-4698-A2F2-FE247D628429}
		{DC835575-25AA-47CB-ADD3-80D2C5EA173F} = {3F43979A-C6C6-4698-A2F2-FE247D628429}
		{1BF07F49-3F6F-4FF7-A041-EF500D9AC29E} = {3F43979A-C6C6-4698-A2F2-FE247D628429}
		{D54B2488-97F0-44DE-830E-D8A687E2D43F} = {3F43979A-C6C6-4698-A2F2-FE247D628429}
		{716D7818-D0DA-48B2-986A-D95E71034B8D} = {3F43979A-C6C6-4698-A2F2-FE247D628429}
		{049E7CE7-70C0-405D-98A0-21C92C946954} = {3F43979A-C6C6-4698-A2F2-FE247D628429}
		{D9E52B32-99CB-49AA-8429-4BB9F7BAFA6F} = {3F43979A-C6C6-4698-A2F2-FE247D628429}
		{232CA5CA-D0F2-42F2-86F9-8610AA0CC958} = {3F43979A-C6C6-4698-A2F2-FE247D628429}
		{B901AF9D-8CCC-4001-856F-6CE1C38BF74B} = {3F43979A-C6C6-4698-A2F2-FE247D628429}
		{8357BBC6-9839-4E09-9726-3B2DDA04FA51} = {3F43979A-C6C6-4698-A2F2-FE247D628429}
		{87E1F026-5156-42B4-A33F-94806E1F8A48} = {3F43979A-C6C6-4698-A2F2-FE247D628429}
		{C6A098FB-1FA7-4A3F-92D4-B7A7423F77C9} = {3F43979A-C6C6-4698-A2F2-FE247D628429}
		{39424910-5EEE-485F-9772-08D24BA2CC3A} = {3F43979A-C6C6-4698-A2F2-FE247D628429}
		{AE9E3EDD-7282-4696-8B2D-A228A7A97ABB} = {3F43979A-C6C6-4698-A2F2-FE247D628429}
		{9D701283-3F81-4F78-AFFA-DDFC5B070865} = {3F43979A-C6C6-4698-A2F2-FE247D628429}
		{AE21B9BD-28FC-4068-AA3D-608DADB5C4FB} = {3F43979A-C6C6-4698-A2F2-FE247D628429}
		{47494EE2-A2C1-4E05-B642-2C27DE5A3DB7} = {3F43979A-C6C6-4698-A2F2-FE247D628429}
		{3D619C45-AC43-45EF-B53C-0F8A8B1A329B} = {3F43979A-C6C6-4698-A2F2-FE247D628429}
		{2A44E073-91B1-427A-B1A9-0BDE1CB1D614} = {3F43979A-C6C6-4698-A2F2-FE247D628429}
		{47A1BDCB-47DE-4DAE-B033-D7C9D9A4A763} = {3F43979A-C6C6-4698-A2F2-FE247D628429}
	EndGlobalSection
	GlobalSection(ExtensibilityGlobals) = postSolution
		SolutionGuid = {BCCB7093-6B70-44D2-A080-E1DD22BDE9B9}
	EndGlobalSection
EndGlobal
