
Microsoft Visual Studio Solution File, Format Version 12.00
# Visual Studio Version 16
VisualStudioVersion = 16.0.32602.291
MinimumVisualStudioVersion = 10.0.40219.1
Project("{9A19103F-16F7-4668-BE54-9A1E7A4F7556}") = "KampIntro", "KampIntro\KampIntro.csproj", "{E451F240-4598-4A4B-B796-49E68D6A95EA}"
EndProject
Project("{9A19103F-16F7-4668-BE54-9A1E7A4F7556}") = "Loops", "Loops\Loops.csproj", "{51A41845-7E5E-4FAB-B7FC-9E1B4AF37C1E}"
EndProject
Project("{9A19103F-16F7-4668-BE54-9A1E7A4F7556}") = "ClassIntro", "ClassIntro\ClassIntro.csproj", "{DC835575-25AA-47CB-ADD3-80D2C5EA173F}"
EndProject
Project("{9A19103F-16F7-4668-BE54-9A1E7A4F7556}") = "Methods", "Methods\Methods.csproj", "{1BF07F49-3F6F-4FF7-A041-EF500D9AC29E}"
EndProject
Project("{FAE04EC0-301F-11D3-BF4B-00C04F79EFBC}") = "Math", "Math\Math.csproj", "{D54B2488-97F0-44DE-830E-D8A687E2D43F}"
EndProject
Project("{FAE04EC0-301F-11D3-BF4B-00C04F79EFBC}") = "ValueAndReferenceTypes", "ValueAndReferenceTypes\ValueAndReferenceTypes.csproj", "{716D7818-D0DA-48B2-986A-D95E71034B8D}"
EndProject
Global
	GlobalSection(SolutionConfigurationPlatforms) = preSolution
		Debug|Any CPU = Debug|Any CPU
		Release|Any CPU = Release|Any CPU
	EndGlobalSection
	GlobalSection(ProjectConfigurationPlatforms) = postSolution
		{E451F240-4598-4A4B-B796-49E68D6A95EA}.Debug|Any CPU.ActiveCfg = Debug|Any CPU
		{E451F240-4598-4A4B-B796-49E68D6A95EA}.Debug|Any CPU.Build.0 = Debug|Any CPU
		{E451F240-4598-4A4B-B796-49E68D6A95EA}.Release|Any CPU.ActiveCfg = Release|Any CPU
		{E451F240-4598-4A4B-B796-49E68D6A95EA}.Release|Any CPU.Build.0 = Release|Any CPU
		{51A41845-7E5E-4FAB-B7FC-9E1B4AF37C1E}.Debug|Any CPU.ActiveCfg = Debug|Any CPU
		{51A41845-7E5E-4FAB-B7FC-9E1B4AF37C1E}.Debug|Any CPU.Build.0 = Debug|Any CPU
		{51A41845-7E5E-4FAB-B7FC-9E1B4AF37C1E}.Release|Any CPU.ActiveCfg = Release|Any CPU
		{51A41845-7E5E-4FAB-B7FC-9E1B4AF37C1E}.Release|Any CPU.Build.0 = Release|Any CPU
		{DC835575-25AA-47CB-ADD3-80D2C5EA173F}.Debug|Any CPU.ActiveCfg = Debug|Any CPU
		{DC835575-25AA-47CB-ADD3-80D2C5EA173F}.Debug|Any CPU.Build.0 = Debug|Any CPU
		{DC835575-25AA-47CB-ADD3-80D2C5EA173F}.Release|Any CPU.ActiveCfg = Release|Any CPU
		{DC835575-25AA-47CB-ADD3-80D2C5EA173F}.Release|Any CPU.Build.0 = Release|Any CPU
		{1BF07F49-3F6F-4FF7-A041-EF500D9AC29E}.Debug|Any CPU.ActiveCfg = Debug|Any CPU
		{1BF07F49-3F6F-4FF7-A041-EF500D9AC29E}.Debug|Any CPU.Build.0 = Debug|Any CPU
		{1BF07F49-3F6F-4FF7-A041-EF500D9AC29E}.Release|Any CPU.ActiveCfg = Release|Any CPU
		{1BF07F49-3F6F-4FF7-A041-EF500D9AC29E}.Release|Any CPU.Build.0 = Release|Any CPU
		{D54B2488-97F0-44DE-830E-D8A687E2D43F}.Debug|Any CPU.ActiveCfg = Debug|Any CPU
		{D54B2488-97F0-44DE-830E-D8A687E2D43F}.Debug|Any CPU.Build.0 = Debug|Any CPU
		{D54B2488-97F0-44DE-830E-D8A687E2D43F}.Release|Any CPU.ActiveCfg = Release|Any CPU
		{D54B2488-97F0-44DE-830E-D8A687E2D43F}.Release|Any CPU.Build.0 = Release|Any CPU
		{716D7818-D0DA-48B2-986A-D95E71034B8D}.Debug|Any CPU.ActiveCfg = Debug|Any CPU
		{716D7818-D0DA-48B2-986A-D95E71034B8D}.Debug|Any CPU.Build.0 = Debug|Any CPU
		{716D7818-D0DA-48B2-986A-D95E71034B8D}.Release|Any CPU.ActiveCfg = Release|Any CPU
		{716D7818-D0DA-48B2-986A-D95E71034B8D}.Release|Any CPU.Build.0 = Release|Any CPU
	EndGlobalSection
	GlobalSection(SolutionProperties) = preSolution
		HideSolutionNode = FALSE
	EndGlobalSection
	GlobalSection(ExtensibilityGlobals) = postSolution
		SolutionGuid = {BCCB7093-6B70-44D2-A080-E1DD22BDE9B9}
	EndGlobalSection
EndGlobal
